{
  "name": "flameclyffe-workshop",
  "lockfileVersion": 3,
  "requires": true,
  "packages": {
    "": {
      "name": "flameclyffe-workshop",
      "dependencies": {
        "@react-three/drei": "latest",
        "@react-three/fiber": "latest",
        "@supabase/supabase-js": "latest",
        "@vitejs/plugin-react": "latest",
        "astronomia": "^4.2.0",
        "docx": "latest",
        "react": "latest",
        "react-dom": "latest",
        "slot-text": "0.2.2",
        "three": "latest",
        "vite": "latest"
      },
      "devDependencies": {},
      "engines": {
        "node": "24.x",
        "npm": "11.x"
      }
    }
  }
}
