{
  "name": "flameclyffe-workshop",
  "lockfileVersion": 3,
  "requires": true,
  "packages": {
    "": {
      "name": "flameclyffe-workshop",
      "dependencies": {
        "@supabase/supabase-js": "latest",
        "@vitejs/plugin-react": "latest",
        "docx": "latest",
        "vite": "latest",
        "react": "latest",
        "react-dom": "latest"
      },
      "devDependencies": {}
    }
  }
}
